<?xml version="1.0" encoding="utf-8"?>
<Project ToolsVersion="4.0" xmlns="http://schemas.microsoft.com/developer/msbuild/2003">
  <ItemGroup>
    <Filter Include="Source Files">
      <UniqueIdentifier>{4FC737F1-C7A5-4376-A066-2A32D752A2FF}</UniqueIdentifier>
      <Extensions>cpp;c;cc;cxx;c++;cppm;ixx;def;odl;idl;hpj;bat;asm;asmx</Extensions>
    </Filter>
    <Filter Include="Header Files">
      <UniqueIdentifier>{93995380-89BD-4b04-88EB-625FBE52EBFB}</UniqueIdentifier>
      <Extensions>h;hh;hpp;hxx;h++;hm;inl;inc;ipp;xsd</Extensions>
    </Filter>
    <Filter Include="Resource Files">
      <UniqueIdentifier>{67DA6AB6-F800-4c08-8B7A-83BB121AAD01}</UniqueIdentifier>
      <Extensions>rc;ico;cur;bmp;dlg;rc2;rct;bin;rgs;gif;jpg;jpeg;jpe;resx;tiff;tif;png;wav;mfcribbon-ms</Extensions>
    </Filter>
    <Filter Include="Debug">
      <UniqueIdentifier>{0a1148ea-9d4a-4cd0-9986-60db4c1ace64}</UniqueIdentifier>
    </Filter>
    <Filter Include="DirectCore">
      <UniqueIdentifier>{a3eef56f-f00e-4fc2-924d-b8361737ee54}</UniqueIdentifier>
    </Filter>
    <Filter Include="Render">
      <UniqueIdentifier>{774d2ff1-96af-4530-a755-a9085300be76}</UniqueIdentifier>
    </Filter>
    <Filter Include="Render2D">
      <UniqueIdentifier>{63ac8500-e545-46de-b10f-3364f82af7bf}</UniqueIdentifier>
    </Filter>
    <Filter Include="Resource">
      <UniqueIdentifier>{36351de5-21d6-44e5-92a2-bd2234a88411}</UniqueIdentifier>
    </Filter>
    <Filter Include="Stage">
      <UniqueIdentifier>{3b671c8a-7656-4d55-91b7-466620f63058}</UniqueIdentifier>
    </Filter>
    <Filter Include="Time">
      <UniqueIdentifier>{94f55ca1-2c7e-447d-86b8-2d73211bbfbf}</UniqueIdentifier>
    </Filter>
    <Filter Include="Render\Renderpass">
      <UniqueIdentifier>{6054124c-f9b8-4657-8bf3-06bf735d8834}</UniqueIdentifier>
    </Filter>
    <Filter Include="Shaders">
      <UniqueIdentifier>{b7f3a3a3-5b61-49f3-97d0-61e4e1252549}</UniqueIdentifier>
    </Filter>
  </ItemGroup>
  <ItemGroup>
    <ClCompile Include="Engine\Engine.cpp">
      <Filter>Source Files</Filter>
    </ClCompile>
    <ClCompile Include="Engine\GameEngine.cpp">
      <Filter>Source Files</Filter>
    </ClCompile>
    <ClCompile Include="Engine\D3D11Context.cpp">
      <Filter>DirectCore</Filter>
    </ClCompile>
    <ClCompile Include="Engine\Direct2DContext.cpp">
      <Filter>DirectCore</Filter>
    </ClCompile>
    <ClCompile Include="Engine\Shader.cpp">
      <Filter>Render</Filter>
    </ClCompile>
    <ClCompile Include="Engine\PipelineManager.cpp">
      <Filter>Render</Filter>
    </ClCompile>
    <ClCompile Include="Engine\Window.cpp">
      <Filter>DirectCore</Filter>
    </ClCompile>
    <ClCompile Include="Engine\ResourceManager.cpp">
      <Filter>Resource</Filter>
    </ClCompile>
    <ClCompile Include="Engine\Debugger.cpp">
      <Filter>Debug</Filter>
    </ClCompile>
    <ClCompile Include="Engine\Resource.cpp">
      <Filter>Resource</Filter>
    </ClCompile>
    <ClCompile Include="Engine\Structs.cpp">
      <Filter>Header Files</Filter>
    </ClCompile>
    <ClCompile Include="Engine\DrawManager.cpp">
      <Filter>Render2D</Filter>
    </ClCompile>
    <ClCompile Include="Engine\DrawObject.cpp">
      <Filter>Render2D</Filter>
    </ClCompile>
    <ClCompile Include="Engine\Scene.cpp">
      <Filter>Stage</Filter>
    </ClCompile>
    <ClCompile Include="Engine\Time.cpp">
      <Filter>Time</Filter>
    </ClCompile>
    <ClCompile Include="Engine\Renderpass.cpp">
      <Filter>Render\Renderpass</Filter>
    </ClCompile>
    <ClCompile Include="Engine\Renderer.cpp">
      <Filter>Render</Filter>
    </ClCompile>
    <ClCompile Include="Engine\SceneManager.cpp">
      <Filter>Stage</Filter>
    </ClCompile>
    <ClCompile Include="Engine\BasicPass.cpp">
      <Filter>Render\Renderpass</Filter>
    </ClCompile>
  </ItemGroup>
  <ItemGroup>
    <ClInclude Include="Engine\Engine.h">
      <Filter>Header Files</Filter>
    </ClInclude>
    <ClInclude Include="Engine\D3D11Context.h">
      <Filter>DirectCore</Filter>
    </ClInclude>
    <ClInclude Include="Engine\Direct2DContext.h">
      <Filter>DirectCore</Filter>
    </ClInclude>
    <ClInclude Include="Engine\Shader.h">
      <Filter>Render</Filter>
    </ClInclude>
    <ClInclude Include="Engine\PipelineManager.h">
      <Filter>Render</Filter>
    </ClInclude>
    <ClInclude Include="Engine\Window.h">
      <Filter>DirectCore</Filter>
    </ClInclude>
    <ClInclude Include="Engine\Resource.h">
      <Filter>Resource</Filter>
    </ClInclude>
    <ClInclude Include="Engine\ResourceManager.h">
      <Filter>Resource</Filter>
    </ClInclude>
    <ClInclude Include="Engine\Debugger.h">
      <Filter>Debug</Filter>
    </ClInclude>
    <ClInclude Include="Engine\Header.h">
      <Filter>Header Files</Filter>
    </ClInclude>
    <ClInclude Include="Engine\Structs.h">
      <Filter>Header Files</Filter>
    </ClInclude>
    <ClInclude Include="Engine\DrawManager.h">
      <Filter>Render2D</Filter>
    </ClInclude>
    <ClInclude Include="Engine\DrawObject.h">
      <Filter>Render2D</Filter>
    </ClInclude>
    <ClInclude Include="Engine\Scene.h">
      <Filter>Stage</Filter>
    </ClInclude>
    <ClInclude Include="Engine\Time.h">
      <Filter>Time</Filter>
    </ClInclude>
    <ClInclude Include="Engine\Renderpass.h">
      <Filter>Render\Renderpass</Filter>
    </ClInclude>
    <ClInclude Include="Engine\Renderer.h">
      <Filter>Render</Filter>
    </ClInclude>
    <ClInclude Include="Engine\SceneManager.h">
      <Filter>Stage</Filter>
    </ClInclude>
    <ClInclude Include="Engine\BasicPass.h">
      <Filter>Render\Renderpass</Filter>
    </ClInclude>
  </ItemGroup>
  <ItemGroup>
    <None Include="packages.config" />
  </ItemGroup>
  <ItemGroup>
    <FxCompile Include="Engine\BasicVertexShader.hlsl">
      <Filter>Shaders</Filter>
    </FxCompile>
    <FxCompile Include="Engine\BasicPixelShader.hlsl">
      <Filter>Shaders</Filter>
    </FxCompile>
  </ItemGroup>
</Project>